
Microsoft Visual Studio Solution File, Format Version 12.00
# Visual Studio 2013
VisualStudioVersion = 12.0.31101.0
MinimumVisualStudioVersion = 10.0.40219.1
Project("{FAE04EC0-301F-11D3-BF4B-00C04F79EFBC}") = "RueHelper", "RuyiHelperApp\RueHelper.csproj", "{F0D0025E-4858-4387-922D-FA2689580AAA}"
	ProjectSection(ProjectDependencies) = postProject
		{F1E313F7-F254-44AC-8700-B80C4A93FF68} = {F1E313F7-F254-44AC-8700-B80C4A93FF68}
		{1B1023FA-CA67-4F4A-A5C6-753AFD01433E} = {1B1023FA-CA67-4F4A-A5C6-753AFD01433E}
	EndProjectSection
EndProject
Project("{FAE04EC0-301F-11D3-BF4B-00C04F79EFBC}") = "Update", "Update\Update.csproj", "{F1E313F7-F254-44AC-8700-B80C4A93FF68}"
EndProject
Project("{FAE04EC0-301F-11D3-BF4B-00C04F79EFBC}") = "RueMng", "RuyiMng\RueMng.csproj", "{1B1023FA-CA67-4F4A-A5C6-753AFD01433E}"
EndProject
Global
	GlobalSection(SolutionConfigurationPlatforms) = preSolution
		CD_ROM|Any CPU = CD_ROM|Any CPU
		CD_ROM|Mixed Platforms = CD_ROM|Mixed Platforms
		CD_ROM|x86 = CD_ROM|x86
		Debug|Any CPU = Debug|Any CPU
		Debug|Mixed Platforms = Debug|Mixed Platforms
		Debug|x86 = Debug|x86
		DVD-5|Any CPU = DVD-5|Any CPU
		DVD-5|Mixed Platforms = DVD-5|Mixed Platforms
		DVD-5|x86 = DVD-5|x86
		Release|Any CPU = Release|Any CPU
		Release|Mixed Platforms = Release|Mixed Platforms
		Release|x86 = Release|x86
		SingleImage|Any CPU = SingleImage|Any CPU
		SingleImage|Mixed Platforms = SingleImage|Mixed Platforms
		SingleImage|x86 = SingleImage|x86
	EndGlobalSection
	GlobalSection(ProjectConfigurationPlatforms) = postSolution
		{F0D0025E-4858-4387-922D-FA2689580AAA}.CD_ROM|Any CPU.ActiveCfg = Release|Any CPU
		{F0D0025E-4858-4387-922D-FA2689580AAA}.CD_ROM|Any CPU.Build.0 = Release|Any CPU
		{F0D0025E-4858-4387-922D-FA2689580AAA}.CD_ROM|Mixed Platforms.ActiveCfg = Debug|Any CPU
		{F0D0025E-4858-4387-922D-FA2689580AAA}.CD_ROM|Mixed Platforms.Build.0 = Debug|Any CPU
		{F0D0025E-4858-4387-922D-FA2689580AAA}.CD_ROM|x86.ActiveCfg = Debug|Any CPU
		{F0D0025E-4858-4387-922D-FA2689580AAA}.Debug|Any CPU.ActiveCfg = Debug|Any CPU
		{F0D0025E-4858-4387-922D-FA2689580AAA}.Debug|Any CPU.Build.0 = Debug|Any CPU
		{F0D0025E-4858-4387-922D-FA2689580AAA}.Debug|Mixed Platforms.ActiveCfg = Debug|Any CPU
		{F0D0025E-4858-4387-922D-FA2689580AAA}.Debug|Mixed Platforms.Build.0 = Debug|Any CPU
		{F0D0025E-4858-4387-922D-FA2689580AAA}.Debug|x86.ActiveCfg = Debug|Any CPU
		{F0D0025E-4858-4387-922D-FA2689580AAA}.DVD-5|Any CPU.ActiveCfg = Debug|Any CPU
		{F0D0025E-4858-4387-922D-FA2689580AAA}.DVD-5|Any CPU.Build.0 = Debug|Any CPU
		{F0D0025E-4858-4387-922D-FA2689580AAA}.DVD-5|Mixed Platforms.ActiveCfg = Debug|Any CPU
		{F0D0025E-4858-4387-922D-FA2689580AAA}.DVD-5|Mixed Platforms.Build.0 = Debug|Any CPU
		{F0D0025E-4858-4387-922D-FA2689580AAA}.DVD-5|x86.ActiveCfg = Debug|Any CPU
		{F0D0025E-4858-4387-922D-FA2689580AAA}.Release|Any CPU.ActiveCfg = Release|Any CPU
		{F0D0025E-4858-4387-922D-FA2689580AAA}.Release|Any CPU.Build.0 = Release|Any CPU
		{F0D0025E-4858-4387-922D-FA2689580AAA}.Release|Mixed Platforms.ActiveCfg = Release|Any CPU
		{F0D0025E-4858-4387-922D-FA2689580AAA}.Release|Mixed Platforms.Build.0 = Release|Any CPU
		{F0D0025E-4858-4387-922D-FA2689580AAA}.Release|x86.ActiveCfg = Release|Any CPU
		{F0D0025E-4858-4387-922D-FA2689580AAA}.SingleImage|Any CPU.ActiveCfg = Release|Any CPU
		{F0D0025E-4858-4387-922D-FA2689580AAA}.SingleImage|Any CPU.Build.0 = Release|Any CPU
		{F0D0025E-4858-4387-922D-FA2689580AAA}.SingleImage|Mixed Platforms.ActiveCfg = Debug|Any CPU
		{F0D0025E-4858-4387-922D-FA2689580AAA}.SingleImage|Mixed Platforms.Build.0 = Debug|Any CPU
		{F0D0025E-4858-4387-922D-FA2689580AAA}.SingleImage|x86.ActiveCfg = Debug|Any CPU
		{F1E313F7-F254-44AC-8700-B80C4A93FF68}.CD_ROM|Any CPU.ActiveCfg = Release|Any CPU
		{F1E313F7-F254-44AC-8700-B80C4A93FF68}.CD_ROM|Any CPU.Build.0 = Release|Any CPU
		{F1E313F7-F254-44AC-8700-B80C4A93FF68}.CD_ROM|Mixed Platforms.ActiveCfg = Debug|Any CPU
		{F1E313F7-F254-44AC-8700-B80C4A93FF68}.CD_ROM|Mixed Platforms.Build.0 = Debug|Any CPU
		{F1E313F7-F254-44AC-8700-B80C4A93FF68}.CD_ROM|x86.ActiveCfg = Debug|Any CPU
		{F1E313F7-F254-44AC-8700-B80C4A93FF68}.Debug|Any CPU.ActiveCfg = Debug|Any CPU
		{F1E313F7-F254-44AC-8700-B80C4A93FF68}.Debug|Any CPU.Build.0 = Debug|Any CPU
		{F1E313F7-F254-44AC-8700-B80C4A93FF68}.Debug|Mixed Platforms.ActiveCfg = Debug|Any CPU
		{F1E313F7-F254-44AC-8700-B80C4A93FF68}.Debug|Mixed Platforms.Build.0 = Debug|Any CPU
		{F1E313F7-F254-44AC-8700-B80C4A93FF68}.Debug|x86.ActiveCfg = Debug|Any CPU
		{F1E313F7-F254-44AC-8700-B80C4A93FF68}.DVD-5|Any CPU.ActiveCfg = Debug|Any CPU
		{F1E313F7-F254-44AC-8700-B80C4A93FF68}.DVD-5|Any CPU.Build.0 = Debug|Any CPU
		{F1E313F7-F254-44AC-8700-B80C4A93FF68}.DVD-5|Mixed Platforms.ActiveCfg = Debug|Any CPU
		{F1E313F7-F254-44AC-8700-B80C4A93FF68}.DVD-5|Mixed Platforms.Build.0 = Debug|Any CPU
		{F1E313F7-F254-44AC-8700-B80C4A93FF68}.DVD-5|x86.ActiveCfg = Debug|Any CPU
		{F1E313F7-F254-44AC-8700-B80C4A93FF68}.Release|Any CPU.ActiveCfg = Release|Any CPU
		{F1E313F7-F254-44AC-8700-B80C4A93FF68}.Release|Any CPU.Build.0 = Release|Any CPU
		{F1E313F7-F254-44AC-8700-B80C4A93FF68}.Release|Mixed Platforms.ActiveCfg = Release|Any CPU
		{F1E313F7-F254-44AC-8700-B80C4A93FF68}.Release|Mixed Platforms.Build.0 = Release|Any CPU
		{F1E313F7-F254-44AC-8700-B80C4A93FF68}.Release|x86.ActiveCfg = Release|Any CPU
		{F1E313F7-F254-44AC-8700-B80C4A93FF68}.SingleImage|Any CPU.ActiveCfg = Release|Any CPU
		{F1E313F7-F254-44AC-8700-B80C4A93FF68}.SingleImage|Any CPU.Build.0 = Release|Any CPU
		{F1E313F7-F254-44AC-8700-B80C4A93FF68}.SingleImage|Mixed Platforms.ActiveCfg = Debug|Any CPU
		{F1E313F7-F254-44AC-8700-B80C4A93FF68}.SingleImage|Mixed Platforms.Build.0 = Debug|Any CPU
		{F1E313F7-F254-44AC-8700-B80C4A93FF68}.SingleImage|x86.ActiveCfg = Debug|Any CPU
		{1B1023FA-CA67-4F4A-A5C6-753AFD01433E}.CD_ROM|Any CPU.ActiveCfg = Release|Any CPU
		{1B1023FA-CA67-4F4A-A5C6-753AFD01433E}.CD_ROM|Any CPU.Build.0 = Release|Any CPU
		{1B1023FA-CA67-4F4A-A5C6-753AFD01433E}.CD_ROM|Mixed Platforms.ActiveCfg = Debug|Any CPU
		{1B1023FA-CA67-4F4A-A5C6-753AFD01433E}.CD_ROM|Mixed Platforms.Build.0 = Debug|Any CPU
		{1B1023FA-CA67-4F4A-A5C6-753AFD01433E}.CD_ROM|x86.ActiveCfg = Debug|Any CPU
		{1B1023FA-CA67-4F4A-A5C6-753AFD01433E}.Debug|Any CPU.ActiveCfg = Debug|Any CPU
		{1B1023FA-CA67-4F4A-A5C6-753AFD01433E}.Debug|Any CPU.Build.0 = Debug|Any CPU
		{1B1023FA-CA67-4F4A-A5C6-753AFD01433E}.Debug|Mixed Platforms.ActiveCfg = Debug|Any CPU
		{1B1023FA-CA67-4F4A-A5C6-753AFD01433E}.Debug|Mixed Platforms.Build.0 = Debug|Any CPU
		{1B1023FA-CA67-4F4A-A5C6-753AFD01433E}.Debug|x86.ActiveCfg = Debug|Any CPU
		{1B1023FA-CA67-4F4A-A5C6-753AFD01433E}.DVD-5|Any CPU.ActiveCfg = Debug|Any CPU
		{1B1023FA-CA67-4F4A-A5C6-753AFD01433E}.DVD-5|Any CPU.Build.0 = Debug|Any CPU
		{1B1023FA-CA67-4F4A-A5C6-753AFD01433E}.DVD-5|Mixed Platforms.ActiveCfg = Debug|Any CPU
		{1B1023FA-CA67-4F4A-A5C6-753AFD01433E}.DVD-5|Mixed Platforms.Build.0 = Debug|Any CPU
		{1B1023FA-CA67-4F4A-A5C6-753AFD01433E}.DVD-5|x86.ActiveCfg = Debug|Any CPU
		{1B1023FA-CA67-4F4A-A5C6-753AFD01433E}.Release|Any CPU.ActiveCfg = Release|Any CPU
		{1B1023FA-CA67-4F4A-A5C6-753AFD01433E}.Release|Any CPU.Build.0 = Release|Any CPU
		{1B1023FA-CA67-4F4A-A5C6-753AFD01433E}.Release|Mixed Platforms.ActiveCfg = Release|Any CPU
		{1B1023FA-CA67-4F4A-A5C6-753AFD01433E}.Release|Mixed Platforms.Build.0 = Release|Any CPU
		{1B1023FA-CA67-4F4A-A5C6-753AFD01433E}.Release|x86.ActiveCfg = Release|Any CPU
		{1B1023FA-CA67-4F4A-A5C6-753AFD01433E}.SingleImage|Any CPU.ActiveCfg = Release|Any CPU
		{1B1023FA-CA67-4F4A-A5C6-753AFD01433E}.SingleImage|Any CPU.Build.0 = Release|Any CPU
		{1B1023FA-CA67-4F4A-A5C6-753AFD01433E}.SingleImage|Mixed Platforms.ActiveCfg = Debug|Any CPU
		{1B1023FA-CA67-4F4A-A5C6-753AFD01433E}.SingleImage|Mixed Platforms.Build.0 = Debug|Any CPU
		{1B1023FA-CA67-4F4A-A5C6-753AFD01433E}.SingleImage|x86.ActiveCfg = Debug|Any CPU
	EndGlobalSection
	GlobalSection(SolutionProperties) = preSolution
		HideSolutionNode = FALSE
	EndGlobalSection
EndGlobal
